# This file is automatically @generated by Cargo.
# It is not intended for manual editing.
version = 3

[[package]]
name = "windows-link"
version = "0.1.1"
source = "registry+https://github.com/rust-lang/crates.io-index"
checksum = "76840935b766e1b0a05c0066835fb9ec80071d4c09a16f6bd5f7e655e3c14c38"

[[package]]
name = "windows-registry"
version = "0.5.2"
dependencies = [
 "windows-link",
 "windows-result",
 "windows-strings",
]

[[package]]
name = "windows-result"
version = "0.3.3"
source = "registry+https://github.com/rust-lang/crates.io-index"
checksum = "4b895b5356fc36103d0f64dd1e94dfa7ac5633f1c9dd6e80fe9ec4adef69e09d"
dependencies = [
 "windows-link",
]

[[package]]
name = "windows-strings"
version = "0.4.1"
source = "registry+https://github.com/rust-lang/crates.io-index"
checksum = "2a7ab927b2637c19b3dbe0965e75d8f2d30bdd697a1516191cad2ec4df8fb28a"
dependencies = [
 "windows-link",
]
