# This file is automatically @generated by Cargo.
# It is not intended for manual editing.
version = 3

[[package]]
name = "autocfg"
version = "1.5.1"
source = "registry+https://github.com/rust-lang/crates.io-index"
checksum = "f2032f911046de80f0a198e0901378627c33f59ea0ac00e363d481118bd70a53"

[[package]]
name = "fast-float2"
version = "0.2.4"
dependencies = [
 "fastrand",
 "hexf-parse",
 "lexical-core",
 "no-panic",
 "num-bigint",
 "ryu",
]

[[package]]
name = "fastrand"
version = "2.3.0"
source = "registry+https://github.com/rust-lang/crates.io-index"
checksum = "37909eebbb50d72f9059c3b6d82c0463f2ff062c9e95845c43a6c9c0355411be"

[[package]]
name = "hexf-parse"
version = "0.2.1"
source = "registry+https://github.com/rust-lang/crates.io-index"
checksum = "dfa686283ad6dd069f105e5ab091b04c62850d3e4cf5d67debad1933f55023df"

[[package]]
name = "lexical-core"
version = "1.0.6"
source = "registry+https://github.com/rust-lang/crates.io-index"
checksum = "7d8d125a277f807e55a77304455eb7b1cb52f2b18c143b60e766c120bd64a594"
dependencies = [
 "lexical-parse-float",
 "lexical-parse-integer",
 "lexical-util",
 "lexical-write-float",
 "lexical-write-integer",
]

[[package]]
name = "lexical-parse-float"
version = "1.0.6"
source = "registry+https://github.com/rust-lang/crates.io-index"
checksum = "52a9f232fbd6f550bc0137dcb5f99ab674071ac2d690ac69704593cb4abbea56"
dependencies = [
 "lexical-parse-integer",
 "lexical-util",
]

[[package]]
name = "lexical-parse-integer"
version = "1.0.6"
source = "registry+https://github.com/rust-lang/crates.io-index"
checksum = "9a7a039f8fb9c19c996cd7b2fcce303c1b2874fe1aca544edc85c4a5f8489b34"
dependencies = [
 "lexical-util",
]

[[package]]
name = "lexical-util"
version = "1.0.7"
source = "registry+https://github.com/rust-lang/crates.io-index"
checksum = "2604dd126bb14f13fb5d1bd6a66155079cb9fa655b37f875b3a742c705dbed17"

[[package]]
name = "lexical-write-float"
version = "1.0.6"
source = "registry+https://github.com/rust-lang/crates.io-index"
checksum = "50c438c87c013188d415fbabbb1dceb44249ab81664efbd31b14ae55dabb6361"
dependencies = [
 "lexical-util",
 "lexical-write-integer",
]

[[package]]
name = "lexical-write-integer"
version = "1.0.6"
source = "registry+https://github.com/rust-lang/crates.io-index"
checksum = "409851a618475d2d5796377cad353802345cba92c867d9fbcde9cf4eac4e14df"
dependencies = [
 "lexical-util",
]

[[package]]
name = "no-panic"
version = "0.1.10"
source = "registry+https://github.com/rust-lang/crates.io-index"
checksum = "796028efe95d1e23c15ece30a0ce89d53e3b4b85afda62718d71cff3baaf2f21"
dependencies = [
 "proc-macro2",
 "quote",
 "syn",
]

[[package]]
name = "num-bigint"
version = "0.5.1"
source = "registry+https://github.com/rust-lang/crates.io-index"
checksum = "93e7820bc0a80a0238e650327316f929ba18d5be054b647490a3a6a339f3e7c0"
dependencies = [
 "num-integer",
 "num-traits",
]

[[package]]
name = "num-integer"
version = "0.1.47"
source = "registry+https://github.com/rust-lang/crates.io-index"
checksum = "7ce2d95d4b3734dc35aa2f45e1aa22cd416814592a4f9d9205e11affd5b8e10b"
dependencies = [
 "num-traits",
]

[[package]]
name = "num-traits"
version = "0.2.19"
source = "registry+https://github.com/rust-lang/crates.io-index"
checksum = "071dfc062690e90b734c0b2273ce72ad0ffa95f0c74596bc250dcfd960262841"
dependencies = [
 "autocfg",
]

[[package]]
name = "proc-macro2"
version = "0.4.30"
source = "registry+https://github.com/rust-lang/crates.io-index"
checksum = "cf3d2011ab5c909338f7887f4fc896d35932e29146c12c8d01da6b22a80ba759"
dependencies = [
 "unicode-xid",
]

[[package]]
name = "quote"
version = "0.6.13"
source = "registry+https://github.com/rust-lang/crates.io-index"
checksum = "6ce23b6b870e8f94f81fb0a363d65d86675884b34a09043c81e5562f11c1f8e1"
dependencies = [
 "proc-macro2",
]

[[package]]
name = "ryu"
version = "1.0.20"
source = "registry+https://github.com/rust-lang/crates.io-index"
checksum = "28d3b2b1366ec20994f1fd18c3c594f05c5dd4bc44d8bb0c1c632c8d6829481f"

[[package]]
name = "syn"
version = "0.15.44"
source = "registry+https://github.com/rust-lang/crates.io-index"
checksum = "9ca4b3b69a77cbe1ffc9e198781b7acb0c7365a883670e8f1c1bc66fba79a5c5"
dependencies = [
 "proc-macro2",
 "quote",
 "unicode-xid",
]

[[package]]
name = "unicode-xid"
version = "0.1.0"
source = "registry+https://github.com/rust-lang/crates.io-index"
checksum = "fc72304796d0818e357ead4e000d19c9c174ab23dc11093ac919054d20a6a7fc"
