# This file is automatically @generated by Cargo.
# It is not intended for manual editing.
[[package]]
name = "futures-core"
version = "0.3.33"
source = "registry+https://github.com/rust-lang/crates.io-index"

[[package]]
name = "futures-executor"
version = "0.3.33"
dependencies = [
 "futures-core 0.3.33 (registry+https://github.com/rust-lang/crates.io-index)",
 "futures-task 0.3.33 (registry+https://github.com/rust-lang/crates.io-index)",
 "futures-util 0.3.33 (registry+https://github.com/rust-lang/crates.io-index)",
]

[[package]]
name = "futures-task"
version = "0.3.33"
source = "registry+https://github.com/rust-lang/crates.io-index"

[[package]]
name = "futures-util"
version = "0.3.33"
source = "registry+https://github.com/rust-lang/crates.io-index"
dependencies = [
 "futures-core 0.3.33 (registry+https://github.com/rust-lang/crates.io-index)",
 "futures-task 0.3.33 (registry+https://github.com/rust-lang/crates.io-index)",
 "pin-project-lite 0.2.17 (registry+https://github.com/rust-lang/crates.io-index)",
 "slab 0.4.12 (registry+https://github.com/rust-lang/crates.io-index)",
]

[[package]]
name = "pin-project-lite"
version = "0.2.17"
source = "registry+https://github.com/rust-lang/crates.io-index"

[[package]]
name = "slab"
version = "0.4.12"
source = "registry+https://github.com/rust-lang/crates.io-index"

[metadata]
"checksum futures-core 0.3.33 (registry+https://github.com/rust-lang/crates.io-index)" = "2cd50c473c80f6d7c3670a752354b8e569b1a7cbfdc0419ec88e5edad85e0dc7"
"checksum futures-task 0.3.33 (registry+https://github.com/rust-lang/crates.io-index)" = "b231ed28831efb4a61a08580c4bc233ec56bc009f4cd8f52da2c3cb97df0c109"
"checksum futures-util 0.3.33 (registry+https://github.com/rust-lang/crates.io-index)" = "a77a90a256fce34da66415271e30f94ee91c57b04b8a2c042d9cf3220179deaa"
"checksum pin-project-lite 0.2.17 (registry+https://github.com/rust-lang/crates.io-index)" = "a89322df9ebe1c1578d689c92318e070967d1042b512afbe49518723f4e6d5cd"
"checksum slab 0.4.12 (registry+https://github.com/rust-lang/crates.io-index)" = "0c790de23124f9ab44544d7ac05d60440adc586479ce501c1d6d7da3cd8c9cf5"
