# This file is automatically @generated by Cargo.
# It is not intended for manual editing.
version = 4

[[package]]
name = "libm"
version = "0.2.15"
source = "registry+https://github.com/rust-lang/crates.io-index"
checksum = "f9fbbcab51052fe104eb5e5d351cf728d30a5be1fe14d9be8a3b097481fb97de"

[[package]]
name = "wasmi_core"
version = "0.51.1"
source = "registry+https://github.com/rust-lang/crates.io-index"
checksum = "ab3e422fc1f4df78c9ded6ed48c4ca6d1f55f4609f04c99962fc07532e4db61d"
dependencies = [
 "libm",
]

[[package]]
name = "wasmi_ir"
version = "0.51.1"
dependencies = [
 "wasmi_core",
]
