# This file is automatically @generated by Cargo.
# It is not intended for manual editing.
version = 3

[[package]]
name = "libz-rs-sys"
version = "0.5.2"
dependencies = [
 "zlib-rs",
]

[[package]]
name = "zlib-rs"
version = "0.5.2"
source = "registry+https://github.com/rust-lang/crates.io-index"
checksum = "2f06ae92f42f5e5c42443fd094f245eb656abf56dd7cce9b8b263236565e00f2"
