# This file is automatically @generated by Cargo.
# It is not intended for manual editing.
[[package]]
name = "aho-corasick"
version = "1.1.4"
source = "registry+https://github.com/rust-lang/crates.io-index"
dependencies = [
 "memchr 2.8.0 (registry+https://github.com/rust-lang/crates.io-index)",
]

[[package]]
name = "alloca"
version = "0.4.0"
source = "registry+https://github.com/rust-lang/crates.io-index"
dependencies = [
 "cc 1.2.56 (registry+https://github.com/rust-lang/crates.io-index)",
]

[[package]]
name = "anes"
version = "0.1.6"
source = "registry+https://github.com/rust-lang/crates.io-index"

[[package]]
name = "anstyle"
version = "1.0.13"
source = "registry+https://github.com/rust-lang/crates.io-index"

[[package]]
name = "async-channel"
version = "2.5.0"
source = "registry+https://github.com/rust-lang/crates.io-index"
dependencies = [
 "concurrent-queue 2.5.0 (registry+https://github.com/rust-lang/crates.io-index)",
 "event-listener-strategy 0.5.4 (registry+https://github.com/rust-lang/crates.io-index)",
 "futures-core 0.3.32 (registry+https://github.com/rust-lang/crates.io-index)",
 "pin-project-lite 0.2.17 (registry+https://github.com/rust-lang/crates.io-index)",
]

[[package]]
name = "async-executor"
version = "1.14.0"
source = "registry+https://github.com/rust-lang/crates.io-index"
dependencies = [
 "async-task 4.7.1 (registry+https://github.com/rust-lang/crates.io-index)",
 "concurrent-queue 2.5.0 (registry+https://github.com/rust-lang/crates.io-index)",
 "fastrand 2.3.0 (registry+https://github.com/rust-lang/crates.io-index)",
 "futures-lite 2.6.1 (registry+https://github.com/rust-lang/crates.io-index)",
 "pin-project-lite 0.2.17 (registry+https://github.com/rust-lang/crates.io-index)",
 "slab 0.4.12 (registry+https://github.com/rust-lang/crates.io-index)",
]

[[package]]
name = "async-io"
version = "2.6.0"
source = "registry+https://github.com/rust-lang/crates.io-index"
dependencies = [
 "autocfg 1.5.0 (registry+https://github.com/rust-lang/crates.io-index)",
 "cfg-if 1.0.4 (registry+https://github.com/rust-lang/crates.io-index)",
 "concurrent-queue 2.5.0 (registry+https://github.com/rust-lang/crates.io-index)",
 "futures-io 0.3.32 (registry+https://github.com/rust-lang/crates.io-index)",
 "futures-lite 2.6.1 (registry+https://github.com/rust-lang/crates.io-index)",
 "parking 2.2.1 (registry+https://github.com/rust-lang/crates.io-index)",
 "polling 3.11.0 (registry+https://github.com/rust-lang/crates.io-index)",
 "rustix 1.1.4 (registry+https://github.com/rust-lang/crates.io-index)",
 "slab 0.4.12 (registry+https://github.com/rust-lang/crates.io-index)",
 "windows-sys 0.61.2 (registry+https://github.com/rust-lang/crates.io-index)",
]

[[package]]
name = "async-task"
version = "4.7.1"
source = "registry+https://github.com/rust-lang/crates.io-index"

[[package]]
name = "atomic-waker"
version = "1.1.2"
source = "registry+https://github.com/rust-lang/crates.io-index"
dependencies = [
 "portable-atomic 1.13.1 (registry+https://github.com/rust-lang/crates.io-index)",
]

[[package]]
name = "autocfg"
version = "1.5.0"
source = "registry+https://github.com/rust-lang/crates.io-index"

[[package]]
name = "bitflags"
version = "2.11.0"
source = "registry+https://github.com/rust-lang/crates.io-index"

[[package]]
name = "cast"
version = "0.3.0"
source = "registry+https://github.com/rust-lang/crates.io-index"

[[package]]
name = "cc"
version = "1.2.56"
source = "registry+https://github.com/rust-lang/crates.io-index"
dependencies = [
 "find-msvc-tools 0.1.9 (registry+https://github.com/rust-lang/crates.io-index)",
 "shlex 1.3.0 (registry+https://github.com/rust-lang/crates.io-index)",
]

[[package]]
name = "cfg-if"
version = "1.0.4"
source = "registry+https://github.com/rust-lang/crates.io-index"

[[package]]
name = "ciborium"
version = "0.2.2"
source = "registry+https://github.com/rust-lang/crates.io-index"
dependencies = [
 "ciborium-io 0.2.2 (registry+https://github.com/rust-lang/crates.io-index)",
 "ciborium-ll 0.2.2 (registry+https://github.com/rust-lang/crates.io-index)",
 "serde 1.0.228 (registry+https://github.com/rust-lang/crates.io-index)",
]

[[package]]
name = "ciborium-io"
version = "0.2.2"
source = "registry+https://github.com/rust-lang/crates.io-index"

[[package]]
name = "ciborium-ll"
version = "0.2.2"
source = "registry+https://github.com/rust-lang/crates.io-index"
dependencies = [
 "ciborium-io 0.2.2 (registry+https://github.com/rust-lang/crates.io-index)",
 "half 2.7.1 (registry+https://github.com/rust-lang/crates.io-index)",
]

[[package]]
name = "clap"
version = "4.5.60"
source = "registry+https://github.com/rust-lang/crates.io-index"
dependencies = [
 "clap_builder 4.5.60 (registry+https://github.com/rust-lang/crates.io-index)",
]

[[package]]
name = "clap_builder"
version = "4.5.60"
source = "registry+https://github.com/rust-lang/crates.io-index"
dependencies = [
 "anstyle 1.0.13 (registry+https://github.com/rust-lang/crates.io-index)",
 "clap_lex 1.0.0 (registry+https://github.com/rust-lang/crates.io-index)",
]

[[package]]
name = "clap_lex"
version = "1.0.0"
source = "registry+https://github.com/rust-lang/crates.io-index"

[[package]]
name = "concurrent-queue"
version = "2.5.0"
source = "registry+https://github.com/rust-lang/crates.io-index"
dependencies = [
 "crossbeam-utils 0.8.21 (registry+https://github.com/rust-lang/crates.io-index)",
]

[[package]]
name = "criterion"
version = "0.8.2"
source = "registry+https://github.com/rust-lang/crates.io-index"
dependencies = [
 "alloca 0.4.0 (registry+https://github.com/rust-lang/crates.io-index)",
 "anes 0.1.6 (registry+https://github.com/rust-lang/crates.io-index)",
 "cast 0.3.0 (registry+https://github.com/rust-lang/crates.io-index)",
 "ciborium 0.2.2 (registry+https://github.com/rust-lang/crates.io-index)",
 "clap 4.5.60 (registry+https://github.com/rust-lang/crates.io-index)",
 "criterion-plot 0.8.2 (registry+https://github.com/rust-lang/crates.io-index)",
 "itertools 0.13.0 (registry+https://github.com/rust-lang/crates.io-index)",
 "num-traits 0.2.19 (registry+https://github.com/rust-lang/crates.io-index)",
 "oorandom 11.1.5 (registry+https://github.com/rust-lang/crates.io-index)",
 "page_size 0.6.0 (registry+https://github.com/rust-lang/crates.io-index)",
 "regex 1.12.3 (registry+https://github.com/rust-lang/crates.io-index)",
 "serde 1.0.228 (registry+https://github.com/rust-lang/crates.io-index)",
 "serde_json 1.0.149 (registry+https://github.com/rust-lang/crates.io-index)",
 "tinytemplate 1.2.1 (registry+https://github.com/rust-lang/crates.io-index)",
 "walkdir 2.5.0 (registry+https://github.com/rust-lang/crates.io-index)",
]

[[package]]
name = "criterion-plot"
version = "0.8.2"
source = "registry+https://github.com/rust-lang/crates.io-index"
dependencies = [
 "cast 0.3.0 (registry+https://github.com/rust-lang/crates.io-index)",
 "itertools 0.13.0 (registry+https://github.com/rust-lang/crates.io-index)",
]

[[package]]
name = "crossbeam-utils"
version = "0.8.21"
source = "registry+https://github.com/rust-lang/crates.io-index"

[[package]]
name = "crunchy"
version = "0.2.4"
source = "registry+https://github.com/rust-lang/crates.io-index"

[[package]]
name = "easy-parallel"
version = "3.3.1"
source = "registry+https://github.com/rust-lang/crates.io-index"

[[package]]
name = "either"
version = "1.15.0"
source = "registry+https://github.com/rust-lang/crates.io-index"

[[package]]
name = "errno"
version = "0.3.14"
source = "registry+https://github.com/rust-lang/crates.io-index"
dependencies = [
 "libc 0.2.182 (registry+https://github.com/rust-lang/crates.io-index)",
 "windows-sys 0.61.2 (registry+https://github.com/rust-lang/crates.io-index)",
]

[[package]]
name = "event-listener"
version = "5.4.1"
source = "registry+https://github.com/rust-lang/crates.io-index"
dependencies = [
 "concurrent-queue 2.5.0 (registry+https://github.com/rust-lang/crates.io-index)",
 "parking 2.2.1 (registry+https://github.com/rust-lang/crates.io-index)",
 "pin-project-lite 0.2.17 (registry+https://github.com/rust-lang/crates.io-index)",
]

[[package]]
name = "event-listener-strategy"
version = "0.5.4"
source = "registry+https://github.com/rust-lang/crates.io-index"
dependencies = [
 "event-listener 5.4.1 (registry+https://github.com/rust-lang/crates.io-index)",
 "pin-project-lite 0.2.17 (registry+https://github.com/rust-lang/crates.io-index)",
]

[[package]]
name = "fastrand"
version = "2.3.0"
source = "registry+https://github.com/rust-lang/crates.io-index"

[[package]]
name = "find-msvc-tools"
version = "0.1.9"
source = "registry+https://github.com/rust-lang/crates.io-index"

[[package]]
name = "futures-core"
version = "0.3.32"
source = "registry+https://github.com/rust-lang/crates.io-index"

[[package]]
name = "futures-io"
version = "0.3.32"
source = "registry+https://github.com/rust-lang/crates.io-index"

[[package]]
name = "futures-lite"
version = "2.6.1"
source = "registry+https://github.com/rust-lang/crates.io-index"
dependencies = [
 "fastrand 2.3.0 (registry+https://github.com/rust-lang/crates.io-index)",
 "futures-core 0.3.32 (registry+https://github.com/rust-lang/crates.io-index)",
 "futures-io 0.3.32 (registry+https://github.com/rust-lang/crates.io-index)",
 "parking 2.2.1 (registry+https://github.com/rust-lang/crates.io-index)",
 "pin-project-lite 0.2.17 (registry+https://github.com/rust-lang/crates.io-index)",
]

[[package]]
name = "half"
version = "2.7.1"
source = "registry+https://github.com/rust-lang/crates.io-index"
dependencies = [
 "cfg-if 1.0.4 (registry+https://github.com/rust-lang/crates.io-index)",
 "crunchy 0.2.4 (registry+https://github.com/rust-lang/crates.io-index)",
 "zerocopy 0.8.40 (registry+https://github.com/rust-lang/crates.io-index)",
]

[[package]]
name = "hermit-abi"
version = "0.5.2"
source = "registry+https://github.com/rust-lang/crates.io-index"

[[package]]
name = "itertools"
version = "0.13.0"
source = "registry+https://github.com/rust-lang/crates.io-index"
dependencies = [
 "either 1.15.0 (registry+https://github.com/rust-lang/crates.io-index)",
]

[[package]]
name = "itoa"
version = "1.0.17"
source = "registry+https://github.com/rust-lang/crates.io-index"

[[package]]
name = "libc"
version = "0.2.182"
source = "registry+https://github.com/rust-lang/crates.io-index"

[[package]]
name = "linux-raw-sys"
version = "0.12.1"
source = "registry+https://github.com/rust-lang/crates.io-index"

[[package]]
name = "memchr"
version = "2.8.0"
source = "registry+https://github.com/rust-lang/crates.io-index"

[[package]]
name = "num-traits"
version = "0.2.19"
source = "registry+https://github.com/rust-lang/crates.io-index"
dependencies = [
 "autocfg 1.5.0 (registry+https://github.com/rust-lang/crates.io-index)",
]

[[package]]
name = "oorandom"
version = "11.1.5"
source = "registry+https://github.com/rust-lang/crates.io-index"

[[package]]
name = "page_size"
version = "0.6.0"
source = "registry+https://github.com/rust-lang/crates.io-index"
dependencies = [
 "libc 0.2.182 (registry+https://github.com/rust-lang/crates.io-index)",
 "winapi 0.3.9 (registry+https://github.com/rust-lang/crates.io-index)",
]

[[package]]
name = "parking"
version = "2.2.1"
source = "registry+https://github.com/rust-lang/crates.io-index"

[[package]]
name = "pin-project-lite"
version = "0.2.17"
source = "registry+https://github.com/rust-lang/crates.io-index"

[[package]]
name = "piper"
version = "0.2.5"
dependencies = [
 "async-channel 2.5.0 (registry+https://github.com/rust-lang/crates.io-index)",
 "async-executor 1.14.0 (registry+https://github.com/rust-lang/crates.io-index)",
 "async-io 2.6.0 (registry+https://github.com/rust-lang/crates.io-index)",
 "atomic-waker 1.1.2 (registry+https://github.com/rust-lang/crates.io-index)",
 "criterion 0.8.2 (registry+https://github.com/rust-lang/crates.io-index)",
 "easy-parallel 3.3.1 (registry+https://github.com/rust-lang/crates.io-index)",
 "fastrand 2.3.0 (registry+https://github.com/rust-lang/crates.io-index)",
 "futures-io 0.3.32 (registry+https://github.com/rust-lang/crates.io-index)",
 "futures-lite 2.6.1 (registry+https://github.com/rust-lang/crates.io-index)",
 "portable-atomic 1.13.1 (registry+https://github.com/rust-lang/crates.io-index)",
 "portable-atomic-util 0.2.5 (registry+https://github.com/rust-lang/crates.io-index)",
]

[[package]]
name = "polling"
version = "3.11.0"
source = "registry+https://github.com/rust-lang/crates.io-index"
dependencies = [
 "cfg-if 1.0.4 (registry+https://github.com/rust-lang/crates.io-index)",
 "concurrent-queue 2.5.0 (registry+https://github.com/rust-lang/crates.io-index)",
 "hermit-abi 0.5.2 (registry+https://github.com/rust-lang/crates.io-index)",
 "pin-project-lite 0.2.17 (registry+https://github.com/rust-lang/crates.io-index)",
 "rustix 1.1.4 (registry+https://github.com/rust-lang/crates.io-index)",
 "windows-sys 0.61.2 (registry+https://github.com/rust-lang/crates.io-index)",
]

[[package]]
name = "portable-atomic"
version = "1.13.1"
source = "registry+https://github.com/rust-lang/crates.io-index"

[[package]]
name = "portable-atomic-util"
version = "0.2.5"
source = "registry+https://github.com/rust-lang/crates.io-index"
dependencies = [
 "portable-atomic 1.13.1 (registry+https://github.com/rust-lang/crates.io-index)",
]

[[package]]
name = "proc-macro2"
version = "1.0.106"
source = "registry+https://github.com/rust-lang/crates.io-index"
dependencies = [
 "unicode-ident 1.0.24 (registry+https://github.com/rust-lang/crates.io-index)",
]

[[package]]
name = "quote"
version = "1.0.44"
source = "registry+https://github.com/rust-lang/crates.io-index"
dependencies = [
 "proc-macro2 1.0.106 (registry+https://github.com/rust-lang/crates.io-index)",
]

[[package]]
name = "regex"
version = "1.12.3"
source = "registry+https://github.com/rust-lang/crates.io-index"
dependencies = [
 "aho-corasick 1.1.4 (registry+https://github.com/rust-lang/crates.io-index)",
 "memchr 2.8.0 (registry+https://github.com/rust-lang/crates.io-index)",
 "regex-automata 0.4.14 (registry+https://github.com/rust-lang/crates.io-index)",
 "regex-syntax 0.8.10 (registry+https://github.com/rust-lang/crates.io-index)",
]

[[package]]
name = "regex-automata"
version = "0.4.14"
source = "registry+https://github.com/rust-lang/crates.io-index"
dependencies = [
 "aho-corasick 1.1.4 (registry+https://github.com/rust-lang/crates.io-index)",
 "memchr 2.8.0 (registry+https://github.com/rust-lang/crates.io-index)",
 "regex-syntax 0.8.10 (registry+https://github.com/rust-lang/crates.io-index)",
]

[[package]]
name = "regex-syntax"
version = "0.8.10"
source = "registry+https://github.com/rust-lang/crates.io-index"

[[package]]
name = "rustix"
version = "1.1.4"
source = "registry+https://github.com/rust-lang/crates.io-index"
dependencies = [
 "bitflags 2.11.0 (registry+https://github.com/rust-lang/crates.io-index)",
 "errno 0.3.14 (registry+https://github.com/rust-lang/crates.io-index)",
 "libc 0.2.182 (registry+https://github.com/rust-lang/crates.io-index)",
 "linux-raw-sys 0.12.1 (registry+https://github.com/rust-lang/crates.io-index)",
 "windows-sys 0.61.2 (registry+https://github.com/rust-lang/crates.io-index)",
]

[[package]]
name = "same-file"
version = "1.0.6"
source = "registry+https://github.com/rust-lang/crates.io-index"
dependencies = [
 "winapi-util 0.1.11 (registry+https://github.com/rust-lang/crates.io-index)",
]

[[package]]
name = "serde"
version = "1.0.228"
source = "registry+https://github.com/rust-lang/crates.io-index"
dependencies = [
 "serde_core 1.0.228 (registry+https://github.com/rust-lang/crates.io-index)",
 "serde_derive 1.0.228 (registry+https://github.com/rust-lang/crates.io-index)",
]

[[package]]
name = "serde_core"
version = "1.0.228"
source = "registry+https://github.com/rust-lang/crates.io-index"
dependencies = [
 "serde_derive 1.0.228 (registry+https://github.com/rust-lang/crates.io-index)",
]

[[package]]
name = "serde_derive"
version = "1.0.228"
source = "registry+https://github.com/rust-lang/crates.io-index"
dependencies = [
 "proc-macro2 1.0.106 (registry+https://github.com/rust-lang/crates.io-index)",
 "quote 1.0.44 (registry+https://github.com/rust-lang/crates.io-index)",
 "syn 2.0.117 (registry+https://github.com/rust-lang/crates.io-index)",
]

[[package]]
name = "serde_json"
version = "1.0.149"
source = "registry+https://github.com/rust-lang/crates.io-index"
dependencies = [
 "itoa 1.0.17 (registry+https://github.com/rust-lang/crates.io-index)",
 "memchr 2.8.0 (registry+https://github.com/rust-lang/crates.io-index)",
 "serde 1.0.228 (registry+https://github.com/rust-lang/crates.io-index)",
 "serde_core 1.0.228 (registry+https://github.com/rust-lang/crates.io-index)",
 "zmij 1.0.21 (registry+https://github.com/rust-lang/crates.io-index)",
]

[[package]]
name = "shlex"
version = "1.3.0"
source = "registry+https://github.com/rust-lang/crates.io-index"

[[package]]
name = "slab"
version = "0.4.12"
source = "registry+https://github.com/rust-lang/crates.io-index"

[[package]]
name = "syn"
version = "2.0.117"
source = "registry+https://github.com/rust-lang/crates.io-index"
dependencies = [
 "proc-macro2 1.0.106 (registry+https://github.com/rust-lang/crates.io-index)",
 "quote 1.0.44 (registry+https://github.com/rust-lang/crates.io-index)",
 "unicode-ident 1.0.24 (registry+https://github.com/rust-lang/crates.io-index)",
]

[[package]]
name = "tinytemplate"
version = "1.2.1"
source = "registry+https://github.com/rust-lang/crates.io-index"
dependencies = [
 "serde 1.0.228 (registry+https://github.com/rust-lang/crates.io-index)",
 "serde_json 1.0.149 (registry+https://github.com/rust-lang/crates.io-index)",
]

[[package]]
name = "unicode-ident"
version = "1.0.24"
source = "registry+https://github.com/rust-lang/crates.io-index"

[[package]]
name = "walkdir"
version = "2.5.0"
source = "registry+https://github.com/rust-lang/crates.io-index"
dependencies = [
 "same-file 1.0.6 (registry+https://github.com/rust-lang/crates.io-index)",
 "winapi-util 0.1.11 (registry+https://github.com/rust-lang/crates.io-index)",
]

[[package]]
name = "winapi"
version = "0.3.9"
source = "registry+https://github.com/rust-lang/crates.io-index"
dependencies = [
 "winapi-i686-pc-windows-gnu 0.4.0 (registry+https://github.com/rust-lang/crates.io-index)",
 "winapi-x86_64-pc-windows-gnu 0.4.0 (registry+https://github.com/rust-lang/crates.io-index)",
]

[[package]]
name = "winapi-i686-pc-windows-gnu"
version = "0.4.0"
source = "registry+https://github.com/rust-lang/crates.io-index"

[[package]]
name = "winapi-util"
version = "0.1.11"
source = "registry+https://github.com/rust-lang/crates.io-index"
dependencies = [
 "windows-sys 0.61.2 (registry+https://github.com/rust-lang/crates.io-index)",
]

[[package]]
name = "winapi-x86_64-pc-windows-gnu"
version = "0.4.0"
source = "registry+https://github.com/rust-lang/crates.io-index"

[[package]]
name = "windows-link"
version = "0.2.1"
source = "registry+https://github.com/rust-lang/crates.io-index"

[[package]]
name = "windows-sys"
version = "0.61.2"
source = "registry+https://github.com/rust-lang/crates.io-index"
dependencies = [
 "windows-link 0.2.1 (registry+https://github.com/rust-lang/crates.io-index)",
]

[[package]]
name = "zerocopy"
version = "0.8.40"
source = "registry+https://github.com/rust-lang/crates.io-index"
dependencies = [
 "zerocopy-derive 0.8.40 (registry+https://github.com/rust-lang/crates.io-index)",
]

[[package]]
name = "zerocopy-derive"
version = "0.8.40"
source = "registry+https://github.com/rust-lang/crates.io-index"
dependencies = [
 "proc-macro2 1.0.106 (registry+https://github.com/rust-lang/crates.io-index)",
 "quote 1.0.44 (registry+https://github.com/rust-lang/crates.io-index)",
 "syn 2.0.117 (registry+https://github.com/rust-lang/crates.io-index)",
]

[[package]]
name = "zmij"
version = "1.0.21"
source = "registry+https://github.com/rust-lang/crates.io-index"

[metadata]
"checksum aho-corasick 1.1.4 (registry+https://github.com/rust-lang/crates.io-index)" = "ddd31a130427c27518df266943a5308ed92d4b226cc639f5a8f1002816174301"
"checksum alloca 0.4.0 (registry+https://github.com/rust-lang/crates.io-index)" = "e5a7d05ea6aea7e9e64d25b9156ba2fee3fdd659e34e41063cd2fc7cd020d7f4"
"checksum anes 0.1.6 (registry+https://github.com/rust-lang/crates.io-index)" = "4b46cbb362ab8752921c97e041f5e366ee6297bd428a31275b9fcf1e380f7299"
"checksum anstyle 1.0.13 (registry+https://github.com/rust-lang/crates.io-index)" = "5192cca8006f1fd4f7237516f40fa183bb07f8fbdfedaa0036de5ea9b0b45e78"
"checksum async-channel 2.5.0 (registry+https://github.com/rust-lang/crates.io-index)" = "924ed96dd52d1b75e9c1a3e6275715fd320f5f9439fb5a4a11fa51f4221158d2"
"checksum async-executor 1.14.0 (registry+https://github.com/rust-lang/crates.io-index)" = "c96bf972d85afc50bf5ab8fe2d54d1586b4e0b46c97c50a0c9e71e2f7bcd812a"
"checksum async-io 2.6.0 (registry+https://github.com/rust-lang/crates.io-index)" = "456b8a8feb6f42d237746d4b3e9a178494627745c3c56c6ea55d92ba50d026fc"
"checksum async-task 4.7.1 (registry+https://github.com/rust-lang/crates.io-index)" = "8b75356056920673b02621b35afd0f7dda9306d03c79a30f5c56c44cf256e3de"
"checksum atomic-waker 1.1.2 (registry+https://github.com/rust-lang/crates.io-index)" = "1505bd5d3d116872e7271a6d4e16d81d0c8570876c8de68093a09ac269d8aac0"
"checksum autocfg 1.5.0 (registry+https://github.com/rust-lang/crates.io-index)" = "c08606f8c3cbf4ce6ec8e28fb0014a2c086708fe954eaa885384a6165172e7e8"
"checksum bitflags 2.11.0 (registry+https://github.com/rust-lang/crates.io-index)" = "843867be96c8daad0d758b57df9392b6d8d271134fce549de6ce169ff98a92af"
"checksum cast 0.3.0 (registry+https://github.com/rust-lang/crates.io-index)" = "37b2a672a2cb129a2e41c10b1224bb368f9f37a2b16b612598138befd7b37eb5"
"checksum cc 1.2.56 (registry+https://github.com/rust-lang/crates.io-index)" = "aebf35691d1bfb0ac386a69bac2fde4dd276fb618cf8bf4f5318fe285e821bb2"
"checksum cfg-if 1.0.4 (registry+https://github.com/rust-lang/crates.io-index)" = "9330f8b2ff13f34540b44e946ef35111825727b38d33286ef986142615121801"
"checksum ciborium 0.2.2 (registry+https://github.com/rust-lang/crates.io-index)" = "42e69ffd6f0917f5c029256a24d0161db17cea3997d185db0d35926308770f0e"
"checksum ciborium-io 0.2.2 (registry+https://github.com/rust-lang/crates.io-index)" = "05afea1e0a06c9be33d539b876f1ce3692f4afea2cb41f740e7743225ed1c757"
"checksum ciborium-ll 0.2.2 (registry+https://github.com/rust-lang/crates.io-index)" = "57663b653d948a338bfb3eeba9bb2fd5fcfaecb9e199e87e1eda4d9e8b240fd9"
"checksum clap 4.5.60 (registry+https://github.com/rust-lang/crates.io-index)" = "2797f34da339ce31042b27d23607e051786132987f595b02ba4f6a6dffb7030a"
"checksum clap_builder 4.5.60 (registry+https://github.com/rust-lang/crates.io-index)" = "24a241312cea5059b13574bb9b3861cabf758b879c15190b37b6d6fd63ab6876"
"checksum clap_lex 1.0.0 (registry+https://github.com/rust-lang/crates.io-index)" = "3a822ea5bc7590f9d40f1ba12c0dc3c2760f3482c6984db1573ad11031420831"
"checksum concurrent-queue 2.5.0 (registry+https://github.com/rust-lang/crates.io-index)" = "4ca0197aee26d1ae37445ee532fefce43251d24cc7c166799f4d46817f1d3973"
"checksum criterion 0.8.2 (registry+https://github.com/rust-lang/crates.io-index)" = "950046b2aa2492f9a536f5f4f9a3de7b9e2476e575e05bd6c333371add4d98f3"
"checksum criterion-plot 0.8.2 (registry+https://github.com/rust-lang/crates.io-index)" = "d8d80a2f4f5b554395e47b5d8305bc3d27813bacb73493eb1001e8f76dae29ea"
"checksum crossbeam-utils 0.8.21 (registry+https://github.com/rust-lang/crates.io-index)" = "d0a5c400df2834b80a4c3327b3aad3a4c4cd4de0629063962b03235697506a28"
"checksum crunchy 0.2.4 (registry+https://github.com/rust-lang/crates.io-index)" = "460fbee9c2c2f33933d720630a6a0bac33ba7053db5344fac858d4b8952d77d5"
"checksum easy-parallel 3.3.1 (registry+https://github.com/rust-lang/crates.io-index)" = "2afbb9b0aef60e4f0d2b18129b6c0dff035a6f7dbbd17c2f38c1432102ee223c"
"checksum either 1.15.0 (registry+https://github.com/rust-lang/crates.io-index)" = "48c757948c5ede0e46177b7add2e67155f70e33c07fea8284df6576da70b3719"
"checksum errno 0.3.14 (registry+https://github.com/rust-lang/crates.io-index)" = "39cab71617ae0d63f51a36d69f866391735b51691dbda63cf6f96d042b63efeb"
"checksum event-listener 5.4.1 (registry+https://github.com/rust-lang/crates.io-index)" = "e13b66accf52311f30a0db42147dadea9850cb48cd070028831ae5f5d4b856ab"
"checksum event-listener-strategy 0.5.4 (registry+https://github.com/rust-lang/crates.io-index)" = "8be9f3dfaaffdae2972880079a491a1a8bb7cbed0b8dd7a347f668b4150a3b93"
"checksum fastrand 2.3.0 (registry+https://github.com/rust-lang/crates.io-index)" = "37909eebbb50d72f9059c3b6d82c0463f2ff062c9e95845c43a6c9c0355411be"
"checksum find-msvc-tools 0.1.9 (registry+https://github.com/rust-lang/crates.io-index)" = "5baebc0774151f905a1a2cc41989300b1e6fbb29aff0ceffa1064fdd3088d582"
"checksum futures-core 0.3.32 (registry+https://github.com/rust-lang/crates.io-index)" = "7e3450815272ef58cec6d564423f6e755e25379b217b0bc688e295ba24df6b1d"
"checksum futures-io 0.3.32 (registry+https://github.com/rust-lang/crates.io-index)" = "cecba35d7ad927e23624b22ad55235f2239cfa44fd10428eecbeba6d6a717718"
"checksum futures-lite 2.6.1 (registry+https://github.com/rust-lang/crates.io-index)" = "f78e10609fe0e0b3f4157ffab1876319b5b0db102a2c60dc4626306dc46b44ad"
"checksum half 2.7.1 (registry+https://github.com/rust-lang/crates.io-index)" = "6ea2d84b969582b4b1864a92dc5d27cd2b77b622a8d79306834f1be5ba20d84b"
"checksum hermit-abi 0.5.2 (registry+https://github.com/rust-lang/crates.io-index)" = "fc0fef456e4baa96da950455cd02c081ca953b141298e41db3fc7e36b1da849c"
"checksum itertools 0.13.0 (registry+https://github.com/rust-lang/crates.io-index)" = "413ee7dfc52ee1a4949ceeb7dbc8a33f2d6c088194d9f922fb8318faf1f01186"
"checksum itoa 1.0.17 (registry+https://github.com/rust-lang/crates.io-index)" = "92ecc6618181def0457392ccd0ee51198e065e016d1d527a7ac1b6dc7c1f09d2"
"checksum libc 0.2.182 (registry+https://github.com/rust-lang/crates.io-index)" = "6800badb6cb2082ffd7b6a67e6125bb39f18782f793520caee8cb8846be06112"
"checksum linux-raw-sys 0.12.1 (registry+https://github.com/rust-lang/crates.io-index)" = "32a66949e030da00e8c7d4434b251670a91556f4144941d37452769c25d58a53"
"checksum memchr 2.8.0 (registry+https://github.com/rust-lang/crates.io-index)" = "f8ca58f447f06ed17d5fc4043ce1b10dd205e060fb3ce5b979b8ed8e59ff3f79"
"checksum num-traits 0.2.19 (registry+https://github.com/rust-lang/crates.io-index)" = "071dfc062690e90b734c0b2273ce72ad0ffa95f0c74596bc250dcfd960262841"
"checksum oorandom 11.1.5 (registry+https://github.com/rust-lang/crates.io-index)" = "d6790f58c7ff633d8771f42965289203411a5e5c68388703c06e14f24770b41e"
"checksum page_size 0.6.0 (registry+https://github.com/rust-lang/crates.io-index)" = "30d5b2194ed13191c1999ae0704b7839fb18384fa22e49b57eeaa97d79ce40da"
"checksum parking 2.2.1 (registry+https://github.com/rust-lang/crates.io-index)" = "f38d5652c16fde515bb1ecef450ab0f6a219d619a7274976324d5e377f7dceba"
"checksum pin-project-lite 0.2.17 (registry+https://github.com/rust-lang/crates.io-index)" = "a89322df9ebe1c1578d689c92318e070967d1042b512afbe49518723f4e6d5cd"
"checksum polling 3.11.0 (registry+https://github.com/rust-lang/crates.io-index)" = "5d0e4f59085d47d8241c88ead0f274e8a0cb551f3625263c05eb8dd897c34218"
"checksum portable-atomic 1.13.1 (registry+https://github.com/rust-lang/crates.io-index)" = "c33a9471896f1c69cecef8d20cbe2f7accd12527ce60845ff44c153bb2a21b49"
"checksum portable-atomic-util 0.2.5 (registry+https://github.com/rust-lang/crates.io-index)" = "7a9db96d7fa8782dd8c15ce32ffe8680bbd1e978a43bf51a34d39483540495f5"
"checksum proc-macro2 1.0.106 (registry+https://github.com/rust-lang/crates.io-index)" = "8fd00f0bb2e90d81d1044c2b32617f68fcb9fa3bb7640c23e9c748e53fb30934"
"checksum quote 1.0.44 (registry+https://github.com/rust-lang/crates.io-index)" = "21b2ebcf727b7760c461f091f9f0f539b77b8e87f2fd88131e7f1b433b3cece4"
"checksum regex 1.12.3 (registry+https://github.com/rust-lang/crates.io-index)" = "e10754a14b9137dd7b1e3e5b0493cc9171fdd105e0ab477f51b72e7f3ac0e276"
"checksum regex-automata 0.4.14 (registry+https://github.com/rust-lang/crates.io-index)" = "6e1dd4122fc1595e8162618945476892eefca7b88c52820e74af6262213cae8f"
"checksum regex-syntax 0.8.10 (registry+https://github.com/rust-lang/crates.io-index)" = "dc897dd8d9e8bd1ed8cdad82b5966c3e0ecae09fb1907d58efaa013543185d0a"
"checksum rustix 1.1.4 (registry+https://github.com/rust-lang/crates.io-index)" = "b6fe4565b9518b83ef4f91bb47ce29620ca828bd32cb7e408f0062e9930ba190"
"checksum same-file 1.0.6 (registry+https://github.com/rust-lang/crates.io-index)" = "93fc1dc3aaa9bfed95e02e6eadabb4baf7e3078b0bd1b4d7b6b0b68378900502"
"checksum serde 1.0.228 (registry+https://github.com/rust-lang/crates.io-index)" = "9a8e94ea7f378bd32cbbd37198a4a91436180c5bb472411e48b5ec2e2124ae9e"
"checksum serde_core 1.0.228 (registry+https://github.com/rust-lang/crates.io-index)" = "41d385c7d4ca58e59fc732af25c3983b67ac852c1a25000afe1175de458b67ad"
"checksum serde_derive 1.0.228 (registry+https://github.com/rust-lang/crates.io-index)" = "d540f220d3187173da220f885ab66608367b6574e925011a9353e4badda91d79"
"checksum serde_json 1.0.149 (registry+https://github.com/rust-lang/crates.io-index)" = "83fc039473c5595ace860d8c4fafa220ff474b3fc6bfdb4293327f1a37e94d86"
"checksum shlex 1.3.0 (registry+https://github.com/rust-lang/crates.io-index)" = "0fda2ff0d084019ba4d7c6f371c95d8fd75ce3524c3cb8fb653a3023f6323e64"
"checksum slab 0.4.12 (registry+https://github.com/rust-lang/crates.io-index)" = "0c790de23124f9ab44544d7ac05d60440adc586479ce501c1d6d7da3cd8c9cf5"
"checksum syn 2.0.117 (registry+https://github.com/rust-lang/crates.io-index)" = "e665b8803e7b1d2a727f4023456bbbbe74da67099c585258af0ad9c5013b9b99"
"checksum tinytemplate 1.2.1 (registry+https://github.com/rust-lang/crates.io-index)" = "be4d6b5f19ff7664e8c98d03e2139cb510db9b0a60b55f8e8709b689d939b6bc"
"checksum unicode-ident 1.0.24 (registry+https://github.com/rust-lang/crates.io-index)" = "e6e4313cd5fcd3dad5cafa179702e2b244f760991f45397d14d4ebf38247da75"
"checksum walkdir 2.5.0 (registry+https://github.com/rust-lang/crates.io-index)" = "29790946404f91d9c5d06f9874efddea1dc06c5efe94541a7d6863108e3a5e4b"
"checksum winapi 0.3.9 (registry+https://github.com/rust-lang/crates.io-index)" = "5c839a674fcd7a98952e593242ea400abe93992746761e38641405d28b00f419"
"checksum winapi-i686-pc-windows-gnu 0.4.0 (registry+https://github.com/rust-lang/crates.io-index)" = "ac3b87c63620426dd9b991e5ce0329eff545bccbbb34f3be09ff6fb6ab51b7b6"
"checksum winapi-util 0.1.11 (registry+https://github.com/rust-lang/crates.io-index)" = "c2a7b1c03c876122aa43f3020e6c3c3ee5c05081c9a00739faf7503aeba10d22"
"checksum winapi-x86_64-pc-windows-gnu 0.4.0 (registry+https://github.com/rust-lang/crates.io-index)" = "712e227841d057c1ee1cd2fb22fa7e5a5461ae8e48fa2ca79ec42cfc1931183f"
"checksum windows-link 0.2.1 (registry+https://github.com/rust-lang/crates.io-index)" = "f0805222e57f7521d6a62e36fa9163bc891acd422f971defe97d64e70d0a4fe5"
"checksum windows-sys 0.61.2 (registry+https://github.com/rust-lang/crates.io-index)" = "ae137229bcbd6cdf0f7b80a31df61766145077ddf49416a728b02cb3921ff3fc"
"checksum zerocopy 0.8.40 (registry+https://github.com/rust-lang/crates.io-index)" = "a789c6e490b576db9f7e6b6d661bcc9799f7c0ac8352f56ea20193b2681532e5"
"checksum zerocopy-derive 0.8.40 (registry+https://github.com/rust-lang/crates.io-index)" = "f65c489a7071a749c849713807783f70672b28094011623e200cb86dcb835953"
"checksum zmij 1.0.21 (registry+https://github.com/rust-lang/crates.io-index)" = "b8848ee67ecc8aedbaf3e4122217aff892639231befc6a1b58d29fff4c2cabaa"
