# This file is automatically @generated by Cargo.
# It is not intended for manual editing.
version = 4

[[package]]
name = "clipboard-win"
version = "5.4.1"
dependencies = [
 "error-code",
 "windows-win",
]

[[package]]
name = "error-code"
version = "3.3.2"
source = "registry+https://github.com/rust-lang/crates.io-index"
checksum = "dea2df4cf52843e0452895c455a1a2cfbb842a1e7329671acf418fdc53ed4c59"

[[package]]
name = "windows-win"
version = "3.0.0"
source = "registry+https://github.com/rust-lang/crates.io-index"
checksum = "58e23e33622b3b52f948049acbec9bcc34bf6e26d74176b88941f213c75cf2dc"
dependencies = [
 "error-code",
]
