# This file is automatically @generated by Cargo.
# It is not intended for manual editing.
version = 3

[[package]]
name = "downcast-rs"
version = "2.0.1"
source = "registry+https://github.com/rust-lang/crates.io-index"
checksum = "ea8a8b81cacc08888170eef4d13b775126db426d0b348bee9d18c2c1eaf123cf"

[[package]]
name = "libm"
version = "0.2.11"
source = "registry+https://github.com/rust-lang/crates.io-index"
checksum = "8355be11b20d696c8f18f6cc018c4e372165b1fa8126cef092399c9951984ffa"

[[package]]
name = "wasmi_core"
version = "0.42.0"
source = "registry+https://github.com/rust-lang/crates.io-index"
checksum = "cd26411b079cea63dda892f5194e62709b4b2608fb6d9a5ec745836f827b2e76"
dependencies = [
 "downcast-rs",
 "libm",
]

[[package]]
name = "wasmi_ir"
version = "0.42.0"
dependencies = [
 "wasmi_core",
]
