# This file is automatically @generated by Cargo.
# It is not intended for manual editing.
[[package]]
name = "build-context"
version = "0.1.4"
source = "registry+https://github.com/rust-lang/crates.io-index"

[[package]]
name = "cc"
version = "1.2.67"
source = "registry+https://github.com/rust-lang/crates.io-index"
dependencies = [
 "find-msvc-tools 0.1.9 (registry+https://github.com/rust-lang/crates.io-index)",
 "jobserver 0.1.32 (registry+https://github.com/rust-lang/crates.io-index)",
 "libc 0.2.163 (registry+https://github.com/rust-lang/crates.io-index)",
 "shlex 2.0.1 (registry+https://github.com/rust-lang/crates.io-index)",
]

[[package]]
name = "cfg-if"
version = "1.0.4"
source = "registry+https://github.com/rust-lang/crates.io-index"

[[package]]
name = "crabgrind"
version = "0.1.12"
source = "registry+https://github.com/rust-lang/crates.io-index"
dependencies = [
 "cc 1.2.67 (registry+https://github.com/rust-lang/crates.io-index)",
]

[[package]]
name = "critical-section"
version = "1.2.0"
source = "registry+https://github.com/rust-lang/crates.io-index"

[[package]]
name = "crossbeam-utils"
version = "0.8.22"
source = "registry+https://github.com/rust-lang/crates.io-index"

[[package]]
name = "fastrand"
version = "2.4.1"
source = "registry+https://github.com/rust-lang/crates.io-index"

[[package]]
name = "find-msvc-tools"
version = "0.1.9"
source = "registry+https://github.com/rust-lang/crates.io-index"

[[package]]
name = "getrandom"
version = "0.4.3"
source = "registry+https://github.com/rust-lang/crates.io-index"
dependencies = [
 "cfg-if 1.0.4 (registry+https://github.com/rust-lang/crates.io-index)",
 "libc 0.2.163 (registry+https://github.com/rust-lang/crates.io-index)",
 "r-efi 6.0.0 (registry+https://github.com/rust-lang/crates.io-index)",
 "rand_core 0.10.1 (registry+https://github.com/rust-lang/crates.io-index)",
]

[[package]]
name = "jobserver"
version = "0.1.32"
source = "registry+https://github.com/rust-lang/crates.io-index"
dependencies = [
 "libc 0.2.163 (registry+https://github.com/rust-lang/crates.io-index)",
]

[[package]]
name = "libc"
version = "0.2.163"
source = "registry+https://github.com/rust-lang/crates.io-index"

[[package]]
name = "paste"
version = "1.0.15"
source = "registry+https://github.com/rust-lang/crates.io-index"

[[package]]
name = "portable-atomic"
version = "1.14.0"
dependencies = [
 "build-context 0.1.4 (registry+https://github.com/rust-lang/crates.io-index)",
 "crabgrind 0.1.12 (registry+https://github.com/rust-lang/crates.io-index)",
 "critical-section 1.2.0 (registry+https://github.com/rust-lang/crates.io-index)",
 "crossbeam-utils 0.8.22 (registry+https://github.com/rust-lang/crates.io-index)",
 "fastrand 2.4.1 (registry+https://github.com/rust-lang/crates.io-index)",
 "libc 0.2.163 (registry+https://github.com/rust-lang/crates.io-index)",
 "paste 1.0.15 (registry+https://github.com/rust-lang/crates.io-index)",
 "quickcheck 1.1.0 (registry+https://github.com/rust-lang/crates.io-index)",
 "rustversion 1.0.23 (registry+https://github.com/rust-lang/crates.io-index)",
 "serde 1.0.228 (registry+https://github.com/rust-lang/crates.io-index)",
 "sptr 0.3.2 (registry+https://github.com/rust-lang/crates.io-index)",
 "static_assertions 1.1.0 (registry+https://github.com/rust-lang/crates.io-index)",
 "windows-sys 0.61.2 (registry+https://github.com/rust-lang/crates.io-index)",
]

[[package]]
name = "proc-macro2"
version = "1.0.106"
source = "registry+https://github.com/rust-lang/crates.io-index"
dependencies = [
 "unicode-ident 1.0.24 (registry+https://github.com/rust-lang/crates.io-index)",
]

[[package]]
name = "quickcheck"
version = "1.1.0"
source = "registry+https://github.com/rust-lang/crates.io-index"
dependencies = [
 "rand 0.10.2 (registry+https://github.com/rust-lang/crates.io-index)",
]

[[package]]
name = "quote"
version = "1.0.46"
source = "registry+https://github.com/rust-lang/crates.io-index"
dependencies = [
 "proc-macro2 1.0.106 (registry+https://github.com/rust-lang/crates.io-index)",
]

[[package]]
name = "r-efi"
version = "6.0.0"
source = "registry+https://github.com/rust-lang/crates.io-index"

[[package]]
name = "rand"
version = "0.10.2"
source = "registry+https://github.com/rust-lang/crates.io-index"
dependencies = [
 "getrandom 0.4.3 (registry+https://github.com/rust-lang/crates.io-index)",
 "rand_core 0.10.1 (registry+https://github.com/rust-lang/crates.io-index)",
]

[[package]]
name = "rand_core"
version = "0.10.1"
source = "registry+https://github.com/rust-lang/crates.io-index"

[[package]]
name = "rustversion"
version = "1.0.23"
source = "registry+https://github.com/rust-lang/crates.io-index"

[[package]]
name = "serde"
version = "1.0.228"
source = "registry+https://github.com/rust-lang/crates.io-index"
dependencies = [
 "serde_core 1.0.228 (registry+https://github.com/rust-lang/crates.io-index)",
]

[[package]]
name = "serde_core"
version = "1.0.228"
source = "registry+https://github.com/rust-lang/crates.io-index"
dependencies = [
 "serde_derive 1.0.228 (registry+https://github.com/rust-lang/crates.io-index)",
]

[[package]]
name = "serde_derive"
version = "1.0.228"
source = "registry+https://github.com/rust-lang/crates.io-index"
dependencies = [
 "proc-macro2 1.0.106 (registry+https://github.com/rust-lang/crates.io-index)",
 "quote 1.0.46 (registry+https://github.com/rust-lang/crates.io-index)",
 "syn 2.0.119 (registry+https://github.com/rust-lang/crates.io-index)",
]

[[package]]
name = "shlex"
version = "2.0.1"
source = "registry+https://github.com/rust-lang/crates.io-index"

[[package]]
name = "sptr"
version = "0.3.2"
source = "registry+https://github.com/rust-lang/crates.io-index"

[[package]]
name = "static_assertions"
version = "1.1.0"
source = "registry+https://github.com/rust-lang/crates.io-index"

[[package]]
name = "syn"
version = "2.0.119"
source = "registry+https://github.com/rust-lang/crates.io-index"
dependencies = [
 "proc-macro2 1.0.106 (registry+https://github.com/rust-lang/crates.io-index)",
 "quote 1.0.46 (registry+https://github.com/rust-lang/crates.io-index)",
 "unicode-ident 1.0.24 (registry+https://github.com/rust-lang/crates.io-index)",
]

[[package]]
name = "unicode-ident"
version = "1.0.24"
source = "registry+https://github.com/rust-lang/crates.io-index"

[[package]]
name = "windows-link"
version = "0.2.1"
source = "registry+https://github.com/rust-lang/crates.io-index"

[[package]]
name = "windows-sys"
version = "0.61.2"
source = "registry+https://github.com/rust-lang/crates.io-index"
dependencies = [
 "windows-link 0.2.1 (registry+https://github.com/rust-lang/crates.io-index)",
]

[metadata]
"checksum build-context 0.1.4 (registry+https://github.com/rust-lang/crates.io-index)" = "ebb068a5ba5b65a7cdba869497ca2a352e88e6093c4909ddf4d12d9d3151ee9c"
"checksum cc 1.2.67 (registry+https://github.com/rust-lang/crates.io-index)" = "e17dd265a7d0f31ef544e1b20e03add05d3b45b491b633b10d67145d2acc1a38"
"checksum cfg-if 1.0.4 (registry+https://github.com/rust-lang/crates.io-index)" = "9330f8b2ff13f34540b44e946ef35111825727b38d33286ef986142615121801"
"checksum crabgrind 0.1.12 (registry+https://github.com/rust-lang/crates.io-index)" = "f9e452c480754e99194a6574d5588f3bb892e1974c15439e5af8df4a385b9a8a"
"checksum critical-section 1.2.0 (registry+https://github.com/rust-lang/crates.io-index)" = "790eea4361631c5e7d22598ecd5723ff611904e3344ce8720784c93e3d83d40b"
"checksum crossbeam-utils 0.8.22 (registry+https://github.com/rust-lang/crates.io-index)" = "61803da095bee82a81bb1a452ecc25d3b2f1416d1897eb86430c6159ef717c17"
"checksum fastrand 2.4.1 (registry+https://github.com/rust-lang/crates.io-index)" = "9f1f227452a390804cdb637b74a86990f2a7d7ba4b7d5693aac9b4dd6defd8d6"
"checksum find-msvc-tools 0.1.9 (registry+https://github.com/rust-lang/crates.io-index)" = "5baebc0774151f905a1a2cc41989300b1e6fbb29aff0ceffa1064fdd3088d582"
"checksum getrandom 0.4.3 (registry+https://github.com/rust-lang/crates.io-index)" = "300e883d756b2e4ec94e02791f39b04b522276138852cfc41d9fb7e904106099"
"checksum jobserver 0.1.32 (registry+https://github.com/rust-lang/crates.io-index)" = "48d1dbcbbeb6a7fec7e059840aa538bd62aaccf972c7346c4d9d2059312853d0"
"checksum libc 0.2.163 (registry+https://github.com/rust-lang/crates.io-index)" = "1fdaeca4cf44ed4ac623e86ef41f056e848dbeab7ec043ecb7326ba300b36fd0"
"checksum paste 1.0.15 (registry+https://github.com/rust-lang/crates.io-index)" = "57c0d7b74b563b49d38dae00a0c37d4d6de9b432382b2892f0574ddcae73fd0a"
"checksum proc-macro2 1.0.106 (registry+https://github.com/rust-lang/crates.io-index)" = "8fd00f0bb2e90d81d1044c2b32617f68fcb9fa3bb7640c23e9c748e53fb30934"
"checksum quickcheck 1.1.0 (registry+https://github.com/rust-lang/crates.io-index)" = "95c589f335db0f6aaa168a7cd27b1fc6920f5e1470c804f814d9cd6e62a0f70b"
"checksum quote 1.0.46 (registry+https://github.com/rust-lang/crates.io-index)" = "dfbc457d0c7a0759a614551b11a6409e5951f6c7537be1f1b7682b9ae9230368"
"checksum r-efi 6.0.0 (registry+https://github.com/rust-lang/crates.io-index)" = "f8dcc9c7d52a811697d2151c701e0d08956f92b0e24136cf4cf27b57a6a0d9bf"
"checksum rand 0.10.2 (registry+https://github.com/rust-lang/crates.io-index)" = "c7f5fa3a058cd35567ef9bfa5e75732bee0f9e4c55fa90477bef2dfcdbc4be80"
"checksum rand_core 0.10.1 (registry+https://github.com/rust-lang/crates.io-index)" = "63b8176103e19a2643978565ca18b50549f6101881c443590420e4dc998a3c69"
"checksum rustversion 1.0.23 (registry+https://github.com/rust-lang/crates.io-index)" = "cf54715a573b99ac80df0bc206da022bcd442c974952c7b9720069370852e21f"
"checksum serde 1.0.228 (registry+https://github.com/rust-lang/crates.io-index)" = "9a8e94ea7f378bd32cbbd37198a4a91436180c5bb472411e48b5ec2e2124ae9e"
"checksum serde_core 1.0.228 (registry+https://github.com/rust-lang/crates.io-index)" = "41d385c7d4ca58e59fc732af25c3983b67ac852c1a25000afe1175de458b67ad"
"checksum serde_derive 1.0.228 (registry+https://github.com/rust-lang/crates.io-index)" = "d540f220d3187173da220f885ab66608367b6574e925011a9353e4badda91d79"
"checksum shlex 2.0.1 (registry+https://github.com/rust-lang/crates.io-index)" = "f8fadd59c855ef2080decdef8ff161eb6661b86933c9d82e5ba29dc602a55aba"
"checksum sptr 0.3.2 (registry+https://github.com/rust-lang/crates.io-index)" = "3b9b39299b249ad65f3b7e96443bad61c02ca5cd3589f46cb6d610a0fd6c0d6a"
"checksum static_assertions 1.1.0 (registry+https://github.com/rust-lang/crates.io-index)" = "a2eb9349b6444b326872e140eb1cf5e7c522154d69e7a0ffb0fb81c06b37543f"
"checksum syn 2.0.119 (registry+https://github.com/rust-lang/crates.io-index)" = "872831b642d1a07999a962a351ed35b955ea2cfc8f3862091e2a240a84f17297"
"checksum unicode-ident 1.0.24 (registry+https://github.com/rust-lang/crates.io-index)" = "e6e4313cd5fcd3dad5cafa179702e2b244f760991f45397d14d4ebf38247da75"
"checksum windows-link 0.2.1 (registry+https://github.com/rust-lang/crates.io-index)" = "f0805222e57f7521d6a62e36fa9163bc891acd422f971defe97d64e70d0a4fe5"
"checksum windows-sys 0.61.2 (registry+https://github.com/rust-lang/crates.io-index)" = "ae137229bcbd6cdf0f7b80a31df61766145077ddf49416a728b02cb3921ff3fc"
